// !$*UTF8*$!
{
	archiveVersion = 1;
	classes = {
	};
	objectVersion = 56;
	objects = {

/* Begin PBXBuildFile section */
		D04FC8BC2A05D62F00050186 /* Quest.swift in Sources */ = {isa = PBXBuildFile; fileRef = D04FC8BB2A05D62F00050186 /* Quest.swift */; };
		D04FC8BE2A05D86000050186 /* User.swift in Sources */ = {isa = PBXBuildFile; fileRef = D04FC8BD2A05D86000050186 /* User.swift */; };
		D04FC8C02A05DBFC00050186 /* APIService.swift in Sources */ = {isa = PBXBuildFile; fileRef = D04FC8BF2A05DBFC00050186 /* APIService.swift */; };
		D04FC8E72A05FD8400050186 /* QuestsViewController.swift in Sources */ = {isa = PBXBuildFile; fileRef = D04FC8E62A05FD8400050186 /* QuestsViewController.swift */; };
		D04FC8EB2A05FDFF00050186 /* NewQuestViewController.swift in Sources */ = {isa = PBXBuildFile; fileRef = D04FC8EA2A05FDFF00050186 /* NewQuestViewController.swift */; };
		D04FC8ED2A05FE0900050186 /* QuestDetailsViewController.swift in Sources */ = {isa = PBXBuildFile; fileRef = D04FC8EC2A05FE0900050186 /* QuestDetailsViewController.swift */; };
		D04FC8EF2A05FE1700050186 /* AddFriendViewController.swift in Sources */ = {isa = PBXBuildFile; fileRef = D04FC8EE2A05FE1600050186 /* AddFriendViewController.swift */; };
		D04FC8F12A06097A00050186 /* AppState.swift in Sources */ = {isa = PBXBuildFile; fileRef = D04FC8F02A06097A00050186 /* AppState.swift */; };
		D04FC8F42A0619DD00050186 /* QuestTableCell.swift in Sources */ = {isa = PBXBuildFile; fileRef = D04FC8F32A0619DD00050186 /* QuestTableCell.swift */; };
		D0FEAFC42A049A59003E6738 /* AppDelegate.swift in Sources */ = {isa = PBXBuildFile; fileRef = D0FEAFC32A049A59003E6738 /* AppDelegate.swift */; };
		D0FEAFC62A049A59003E6738 /* SceneDelegate.swift in Sources */ = {isa = PBXBuildFile; fileRef = D0FEAFC52A049A59003E6738 /* SceneDelegate.swift */; };
		D0FEAFC82A049A59003E6738 /* HomeViewController.swift in Sources */ = {isa = PBXBuildFile; fileRef = D0FEAFC72A049A59003E6738 /* HomeViewController.swift */; };
		D0FEAFCB2A049A59003E6738 /* Main.storyboard in Resources */ = {isa = PBXBuildFile; fileRef = D0FEAFC92A049A59003E6738 /* Main.storyboard */; };
		D0FEAFCD2A049A5A003E6738 /* Assets.xcassets in Resources */ = {isa = PBXBuildFile; fileRef = D0FEAFCC2A049A5A003E6738 /* Assets.xcassets */; };
		D0FEAFD02A049A5A003E6738 /* LaunchScreen.storyboard in Resources */ = {isa = PBXBuildFile; fileRef = D0FEAFCE2A049A5A003E6738 /* LaunchScreen.storyboard */; };
/* End PBXBuildFile section */

/* Begin PBXFileReference section */
		D04FC8BB2A05D62F00050186 /* Quest.swift */ = {isa = PBXFileReference; lastKnownFileType = sourcecode.swift; path = Quest.swift; sourceTree = "<group>"; };
		D04FC8BD2A05D86000050186 /* User.swift */ = {isa = PBXFileReference; lastKnownFileType = sourcecode.swift; path = User.swift; sourceTree = "<group>"; };
		D04FC8BF2A05DBFC00050186 /* APIService.swift */ = {isa = PBXFileReference; lastKnownFileType = sourcecode.swift; path = APIService.swift; sourceTree = "<group>"; };
		D04FC8E62A05FD8400050186 /* QuestsViewController.swift */ = {isa = PBXFileReference; lastKnownFileType = sourcecode.swift; path = QuestsViewController.swift; sourceTree = "<group>"; };
		D04FC8EA2A05FDFF00050186 /* NewQuestViewController.swift */ = {isa = PBXFileReference; lastKnownFileType = sourcecode.swift; path = NewQuestViewController.swift; sourceTree = "<group>"; };
		D04FC8EC2A05FE0900050186 /* QuestDetailsViewController.swift */ = {isa = PBXFileReference; lastKnownFileType = sourcecode.swift; path = QuestDetailsViewController.swift; sourceTree = "<group>"; };
		D04FC8EE2A05FE1600050186 /* AddFriendViewController.swift */ = {isa = PBXFileReference; lastKnownFileType = sourcecode.swift; path = AddFriendViewController.swift; sourceTree = "<group>"; };
		D04FC8F02A06097A00050186 /* AppState.swift */ = {isa = PBXFileReference; lastKnownFileType = sourcecode.swift; path = AppState.swift; sourceTree = "<group>"; };
		D04FC8F32A0619DD00050186 /* QuestTableCell.swift */ = {isa = PBXFileReference; lastKnownFileType = sourcecode.swift; path = QuestTableCell.swift; sourceTree = "<group>"; };
		D0FEAFC02A049A59003E6738 /* Sidequest.app */ = {isa = PBXFileReference; explicitFileType = wrapper.application; includeInIndex = 0; path = Sidequest.app; sourceTree = BUILT_PRODUCTS_DIR; };
		D0FEAFC32A049A59003E6738 /* AppDelegate.swift */ = {isa = PBXFileReference; lastKnownFileType = sourcecode.swift; path = AppDelegate.swift; sourceTree = "<group>"; };
		D0FEAFC52A049A59003E6738 /* SceneDelegate.swift */ = {isa = PBXFileReference; lastKnownFileType = sourcecode.swift; path = SceneDelegate.swift; sourceTree = "<group>"; };
		D0FEAFC72A049A59003E6738 /* HomeViewController.swift */ = {isa = PBXFileReference; lastKnownFileType = sourcecode.swift; path = HomeViewController.swift; sourceTree = "<group>"; };
		D0FEAFCA2A049A59003E6738 /* Base */ = {isa = PBXFileReference; lastKnownFileType = file.storyboard; name = Base; path = Base.lproj/Main.storyboard; sourceTree = "<group>"; };
		D0FEAFCC2A049A5A003E6738 /* Assets.xcassets */ = {isa = PBXFileReference; lastKnownFileType = folder.assetcatalog; path = Assets.xcassets; sourceTree = "<group>"; };
		D0FEAFCF2A049A5A003E6738 /* Base */ = {isa = PBXFileReference; lastKnownFileType = file.storyboard; name = Base; path = Base.lproj/LaunchScreen.storyboard; sourceTree = "<group>"; };
		D0FEAFD12A049A5A003E6738 /* Info.plist */ = {isa = PBXFileReference; lastKnownFileType = text.plist.xml; path = Info.plist; sourceTree = "<group>"; };
/* End PBXFileReference section */

/* Begin PBXFrameworksBuildPhase section */
		D0FEAFBD2A049A59003E6738 /* Frameworks */ = {
			isa = PBXFrameworksBuildPhase;
			buildActionMask = 2147483647;
			files = (
			);
			runOnlyForDeploymentPostprocessing = 0;
		};
/* End PBXFrameworksBuildPhase section */

/* Begin PBXGroup section */
		D04FC8B82A05D58D00050186 /* Controllers */ = {
			isa = PBXGroup;
			children = (
				D0FEAFC72A049A59003E6738 /* HomeViewController.swift */,
				D04FC8E62A05FD8400050186 /* QuestsViewController.swift */,
				D04FC8EA2A05FDFF00050186 /* NewQuestViewController.swift */,
				D04FC8EC2A05FE0900050186 /* QuestDetailsViewController.swift */,
				D04FC8EE2A05FE1600050186 /* AddFriendViewController.swift */,
			);
			path = Controllers;
			sourceTree = "<group>";
		};
		D04FC8B92A05D59A00050186 /* Services */ = {
			isa = PBXGroup;
			children = (
				D04FC8BF2A05DBFC00050186 /* APIService.swift */,
			);
			path = Services;
			sourceTree = "<group>";
		};
		D04FC8BA2A05D5A900050186 /* Models */ = {
			isa = PBXGroup;
			children = (
				D04FC8BB2A05D62F00050186 /* Quest.swift */,
				D04FC8BD2A05D86000050186 /* User.swift */,
			);
			path = Models;
			sourceTree = "<group>";
		};
		D04FC8F22A06199300050186 /* Views */ = {
			isa = PBXGroup;
			children = (
				D04FC8F32A0619DD00050186 /* QuestTableCell.swift */,
			);
			path = Views;
			sourceTree = "<group>";
		};
		D0FEAFB72A049A59003E6738 = {
			isa = PBXGroup;
			children = (
				D0FEAFC22A049A59003E6738 /* Sidequest */,
				D0FEAFC12A049A59003E6738 /* Products */,
			);
			sourceTree = "<group>";
		};
		D0FEAFC12A049A59003E6738 /* Products */ = {
			isa = PBXGroup;
			children = (
				D0FEAFC02A049A59003E6738 /* Sidequest.app */,
			);
			name = Products;
			sourceTree = "<group>";
		};
		D0FEAFC22A049A59003E6738 /* Sidequest */ = {
			isa = PBXGroup;
			children = (
				D04FC8F22A06199300050186 /* Views */,
				D04FC8BA2A05D5A900050186 /* Models */,
				D04FC8B92A05D59A00050186 /* Services */,
				D04FC8B82A05D58D00050186 /* Controllers */,
				D0FEAFC32A049A59003E6738 /* AppDelegate.swift */,
				D0FEAFC52A049A59003E6738 /* SceneDelegate.swift */,
				D0FEAFC92A049A59003E6738 /* Main.storyboard */,
				D0FEAFCC2A049A5A003E6738 /* Assets.xcassets */,
				D0FEAFCE2A049A5A003E6738 /* LaunchScreen.storyboard */,
				D0FEAFD12A049A5A003E6738 /* Info.plist */,
				D04FC8F02A06097A00050186 /* AppState.swift */,
			);
			path = Sidequest;
			sourceTree = "<group>";
		};
/* End PBXGroup section */

/* Begin PBXNativeTarget section */
		D0FEAFBF2A049A59003E6738 /* Sidequest */ = {
			isa = PBXNativeTarget;
			buildConfigurationList = D0FEAFD42A049A5A003E6738 /* Build configuration list for PBXNativeTarget "Sidequest" */;
			buildPhases = (
				D0FEAFBC2A049A59003E6738 /* Sources */,
				D0FEAFBD2A049A59003E6738 /* Frameworks */,
				D0FEAFBE2A049A59003E6738 /* Resources */,
			);
			buildRules = (
			);
			dependencies = (
			);
			name = Sidequest;
			productName = Sidequest;
			productReference = D0FEAFC02A049A59003E6738 /* Sidequest.app */;
			productType = "com.apple.product-type.application";
		};
/* End PBXNativeTarget section */

/* Begin PBXProject section */
		D0FEAFB82A049A59003E6738 /* Project object */ = {
			isa = PBXProject;
			attributes = {
				BuildIndependentTargetsInParallel = 1;
				LastSwiftUpdateCheck = 1430;
				LastUpgradeCheck = 1430;
				TargetAttributes = {
					D0FEAFBF2A049A59003E6738 = {
						CreatedOnToolsVersion = 14.3;
					};
				};
			};
			buildConfigurationList = D0FEAFBB2A049A59003E6738 /* Build configuration list for PBXProject "Sidequest" */;
			compatibilityVersion = "Xcode 14.0";
			developmentRegion = en;
			hasScannedForEncodings = 0;
			knownRegions = (
				en,
				Base,
			);
			mainGroup = D0FEAFB72A049A59003E6738;
			productRefGroup = D0FEAFC12A049A59003E6738 /* Products */;
			projectDirPath = "";
			projectRoot = "";
			targets = (
				D0FEAFBF2A049A59003E6738 /* Sidequest */,
			);
		};
/* End PBXProject section */

/* Begin PBXResourcesBuildPhase section */
		D0FEAFBE2A049A59003E6738 /* Resources */ = {
			isa = PBXResourcesBuildPhase;
			buildActionMask = 2147483647;
			files = (
				D0FEAFD02A049A5A003E6738 /* LaunchScreen.storyboard in Resources */,
				D0FEAFCD2A049A5A003E6738 /* Assets.xcassets in Resources */,
				D0FEAFCB2A049A59003E6738 /* Main.storyboard in Resources */,
			);
			runOnlyForDeploymentPostprocessing = 0;
		};
/* End PBXResourcesBuildPhase section */

/* Begin PBXSourcesBuildPhase section */
		D0FEAFBC2A049A59003E6738 /* Sources */ = {
			isa = PBXSourcesBuildPhase;
			buildActionMask = 2147483647;
			files = (
				D04FC8EF2A05FE1700050186 /* AddFriendViewController.swift in Sources */,
				D04FC8BC2A05D62F00050186 /* Quest.swift in Sources */,
				D04FC8E72A05FD8400050186 /* QuestsViewController.swift in Sources */,
				D04FC8ED2A05FE0900050186 /* QuestDetailsViewController.swift in Sources */,
				D0FEAFC82A049A59003E6738 /* HomeViewController.swift in Sources */,
				D04FC8F42A0619DD00050186 /* QuestTableCell.swift in Sources */,
				D0FEAFC42A049A59003E6738 /* AppDelegate.swift in Sources */,
				D04FC8F12A06097A00050186 /* AppState.swift in Sources */,
				D04FC8BE2A05D86000050186 /* User.swift in Sources */,
				D04FC8EB2A05FDFF00050186 /* NewQuestViewController.swift in Sources */,
				D04FC8C02A05DBFC00050186 /* APIService.swift in Sources */,
				D0FEAFC62A049A59003E6738 /* SceneDelegate.swift in Sources */,
			);
			runOnlyForDeploymentPostprocessing = 0;
		};
/* End PBXSourcesBuildPhase section */

/* Begin PBXVariantGroup section */
		D0FEAFC92A049A59003E6738 /* Main.storyboard */ = {
			isa = PBXVariantGroup;
			children = (
				D0FEAFCA2A049A59003E6738 /* Base */,
			);
			name = Main.storyboard;
			sourceTree = "<group>";
		};
		D0FEAFCE2A049A5A003E6738 /* LaunchScreen.storyboard */ = {
			isa = PBXVariantGroup;
			children = (
				D0FEAFCF2A049A5A003E6738 /* Base */,
			);
			name = LaunchScreen.storyboard;
			sourceTree = "<group>";
		};
/* End PBXVariantGroup section */

/* Begin XCBuildConfiguration section */
		D0FEAFD22A049A5A003E6738 /* Debug */ = {
			isa = XCBuildConfiguration;
			buildSettings = {
				ALWAYS_SEARCH_USER_PATHS = NO;
				CLANG_ANALYZER_NONNULL = YES;
				CLANG_ANALYZER_NUMBER_OBJECT_CONVERSION = YES_AGGRESSIVE;
				CLANG_CXX_LANGUAGE_STANDARD = "gnu++20";
				CLANG_ENABLE_MODULES = YES;
				CLANG_ENABLE_OBJC_ARC = YES;
				CLANG_ENABLE_OBJC_WEAK = YES;
				CLANG_WARN_BLOCK_CAPTURE_AUTORELEASING = YES;
				CLANG_WARN_BOOL_CONVERSION = YES;
				CLANG_WARN_COMMA = YES;
				CLANG_WARN_CONSTANT_CONVERSION = YES;
				CLANG_WARN_DEPRECATED_OBJC_IMPLEMENTATIONS = YES;
				CLANG_WARN_DIRECT_OBJC_ISA_USAGE = YES_ERROR;
				CLANG_WARN_DOCUMENTATION_COMMENTS = YES;
				CLANG_WARN_EMPTY_BODY = YES;
				CLANG_WARN_ENUM_CONVERSION = YES;
				CLANG_WARN_INFINITE_RECURSION = YES;
				CLANG_WARN_INT_CONVERSION = YES;
				CLANG_WARN_NON_LITERAL_NULL_CONVERSION = YES;
				CLANG_WARN_OBJC_IMPLICIT_RETAIN_SELF = YES;
				CLANG_WARN_OBJC_LITERAL_CONVERSION = YES;
				CLANG_WARN_OBJC_ROOT_CLASS = YES_ERROR;
				CLANG_WARN_QUOTED_INCLUDE_IN_FRAMEWORK_HEADER = YES;
				CLANG_WARN_RANGE_LOOP_ANALYSIS = YES;
				CLANG_WARN_STRICT_PROTOTYPES = YES;
				CLANG_WARN_SUSPICIOUS_MOVE = YES;
				CLANG_WARN_UNGUARDED_AVAILABILITY = YES_AGGRESSIVE;
				CLANG_WARN_UNREACHABLE_CODE = YES;
				CLANG_WARN__DUPLICATE_METHOD_MATCH = YES;
				COPY_PHASE_STRIP = NO;
				DEBUG_INFORMATION_FORMAT = dwarf;
				ENABLE_STRICT_OBJC_MSGSEND = YES;
				ENABLE_TESTABILITY = YES;
				GCC_C_LANGUAGE_STANDARD = gnu11;
				GCC_DYNAMIC_NO_PIC = NO;
				GCC_NO_COMMON_BLOCKS = YES;
				GCC_OPTIMIZATION_LEVEL = 0;
				GCC_PREPROCESSOR_DEFINITIONS = (
					"DEBUG=1",
					"$(inherited)",
				);
				GCC_WARN_64_TO_32_BIT_CONVERSION = YES;
				GCC_WARN_ABOUT_RETURN_TYPE = YES_ERROR;
				GCC_WARN_UNDECLARED_SELECTOR = YES;
				GCC_WARN_UNINITIALIZED_AUTOS = YES_AGGRESSIVE;
				GCC_WARN_UNUSED_FUNCTION = YES;
				GCC_WARN_UNUSED_VARIABLE = YES;
				IPHONEOS_DEPLOYMENT_TARGET = 16.4;
				MTL_ENABLE_DEBUG_INFO = INCLUDE_SOURCE;
				MTL_FAST_MATH = YES;
				ONLY_ACTIVE_ARCH = YES;
				SDKROOT = iphoneos;
				SWIFT_ACTIVE_COMPILATION_CONDITIONS = DEBUG;
				SWIFT_OPTIMIZATION_LEVEL = "-Onone";
			};
			name = Debug;
		};
		D0FEAFD32A049A5A003E6738 /* Release */ = {
			isa = XCBuildConfiguration;
			buildSettings = {
				ALWAYS_SEARCH_USER_PATHS = NO;
				CLANG_ANALYZER_NONNULL = YES;
				CLANG_ANALYZER_NUMBER_OBJECT_CONVERSION = YES_AGGRESSIVE;
				CLANG_CXX_LANGUAGE_STANDARD = "gnu++20";
				CLANG_ENABLE_MODULES = YES;
				CLANG_ENABLE_OBJC_ARC = YES;
				CLANG_ENABLE_OBJC_WEAK = YES;
				CLANG_WARN_BLOCK_CAPTURE_AUTORELEASING = YES;
				CLANG_WARN_BOOL_CONVERSION = YES;
				CLANG_WARN_COMMA = YES;
				CLANG_WARN_CONSTANT_CONVERSION = YES;
				CLANG_WARN_DEPRECATED_OBJC_IMPLEMENTATIONS = YES;
				CLANG_WARN_DIRECT_OBJC_ISA_USAGE = YES_ERROR;
				CLANG_WARN_DOCUMENTATION_COMMENTS = YES;
				CLANG_WARN_EMPTY_BODY = YES;
				CLANG_WARN_ENUM_CONVERSION = YES;
				CLANG_WARN_INFINITE_RECURSION = YES;
				CLANG_WARN_INT_CONVERSION = YES;
				CLANG_WARN_NON_LITERAL_NULL_CONVERSION = YES;
				CLANG_WARN_OBJC_IMPLICIT_RETAIN_SELF = YES;
				CLANG_WARN_OBJC_LITERAL_CONVERSION = YES;
				CLANG_WARN_OBJC_ROOT_CLASS = YES_ERROR;
				CLANG_WARN_QUOTED_INCLUDE_IN_FRAMEWORK_HEADER = YES;
				CLANG_WARN_RANGE_LOOP_ANALYSIS = YES;
				CLANG_WARN_STRICT_PROTOTYPES = YES;
				CLANG_WARN_SUSPICIOUS_MOVE = YES;
				CLANG_WARN_UNGUARDED_AVAILABILITY = YES_AGGRESSIVE;
				CLANG_WARN_UNREACHABLE_CODE = YES;
				CLANG_WARN__DUPLICATE_METHOD_MATCH = YES;
				COPY_PHASE_STRIP = NO;
				DEBUG_INFORMATION_FORMAT = "dwarf-with-dsym";
				ENABLE_NS_ASSERTIONS = NO;
				ENABLE_STRICT_OBJC_MSGSEND = YES;
				GCC_C_LANGUAGE_STANDARD = gnu11;
				GCC_NO_COMMON_BLOCKS = YES;
				GCC_WARN_64_TO_32_BIT_CONVERSION = YES;
				GCC_WARN_ABOUT_RETURN_TYPE = YES_ERROR;
				GCC_WARN_UNDECLARED_SELECTOR = YES;
				GCC_WARN_UNINITIALIZED_AUTOS = YES_AGGRESSIVE;
				GCC_WARN_UNUSED_FUNCTION = YES;
				GCC_WARN_UNUSED_VARIABLE = YES;
				IPHONEOS_DEPLOYMENT_TARGET = 16.4;
				MTL_ENABLE_DEBUG_INFO = NO;
				MTL_FAST_MATH = YES;
				SDKROOT = iphoneos;
				SWIFT_COMPILATION_MODE = wholemodule;
				SWIFT_OPTIMIZATION_LEVEL = "-O";
				VALIDATE_PRODUCT = YES;
			};
			name = Release;
		};
		D0FEAFD52A049A5A003E6738 /* Debug */ = {
			isa = XCBuildConfiguration;
			buildSettings = {
				ASSETCATALOG_COMPILER_APPICON_NAME = AppIcon;
				ASSETCATALOG_COMPILER_GLOBAL_ACCENT_COLOR_NAME = AccentColor;
				CODE_SIGN_STYLE = Automatic;
				CURRENT_PROJECT_VERSION = 1;
				GENERATE_INFOPLIST_FILE = YES;
				INFOPLIST_FILE = Sidequest/Info.plist;
				INFOPLIST_KEY_UIApplicationSupportsIndirectInputEvents = YES;
				INFOPLIST_KEY_UILaunchStoryboardName = LaunchScreen;
				INFOPLIST_KEY_UIMainStoryboardFile = Main;
				INFOPLIST_KEY_UISupportedInterfaceOrientations_iPad = "UIInterfaceOrientationPortrait UIInterfaceOrientationPortraitUpsideDown UIInterfaceOrientationLandscapeLeft UIInterfaceOrientationLandscapeRight";
				INFOPLIST_KEY_UISupportedInterfaceOrientations_iPhone = "UIInterfaceOrientationPortrait UIInterfaceOrientationLandscapeLeft UIInterfaceOrientationLandscapeRight";
				LD_RUNPATH_SEARCH_PATHS = (
					"$(inherited)",
					"@executable_path/Frameworks",
				);
				MARKETING_VERSION = 1.0;
				PRODUCT_BUNDLE_IDENTIFIER = com.sidequest.Sidequest;
				PRODUCT_NAME = "$(TARGET_NAME)";
				SWIFT_EMIT_LOC_STRINGS = YES;
				SWIFT_VERSION = 5.0;
				TARGETED_DEVICE_FAMILY = "1,2";
			};
			name = Debug;
		};
		D0FEAFD62A049A5A003E6738 /* Release */ = {
			isa = XCBuildConfiguration;
			buildSettings = {
				ASSETCATALOG_COMPILER_APPICON_NAME = AppIcon;
				ASSETCATALOG_COMPILER_GLOBAL_ACCENT_COLOR_NAME = AccentColor;
				CODE_SIGN_STYLE = Automatic;
				CURRENT_PROJECT_VERSION = 1;
				GENERATE_INFOPLIST_FILE = YES;
				INFOPLIST_FILE = Sidequest/Info.plist;
				INFOPLIST_KEY_UIApplicationSupportsIndirectInputEvents = YES;
				INFOPLIST_KEY_UILaunchStoryboardName = LaunchScreen;
				INFOPLIST_KEY_UIMainStoryboardFile = Main;
				INFOPLIST_KEY_UISupportedInterfaceOrientations_iPad = "UIInterfaceOrientationPortrait UIInterfaceOrientationPortraitUpsideDown UIInterfaceOrientationLandscapeLeft UIInterfaceOrientationLandscapeRight";
				INFOPLIST_KEY_UISupportedInterfaceOrientations_iPhone = "UIInterfaceOrientationPortrait UIInterfaceOrientationLandscapeLeft UIInterfaceOrientationLandscapeRight";
				LD_RUNPATH_SEARCH_PATHS = (
					"$(inherited)",
					"@executable_path/Frameworks",
				);
				MARKETING_VERSION = 1.0;
				PRODUCT_BUNDLE_IDENTIFIER = com.sidequest.Sidequest;
				PRODUCT_NAME = "$(TARGET_NAME)";
				SWIFT_EMIT_LOC_STRINGS = YES;
				SWIFT_VERSION = 5.0;
				TARGETED_DEVICE_FAMILY = "1,2";
			};
			name = Release;
		};
/* End XCBuildConfiguration section */

/* Begin XCConfigurationList section */
		D0FEAFBB2A049A59003E6738 /* Build configuration list for PBXProject "Sidequest" */ = {
			isa = XCConfigurationList;
			buildConfigurations = (
				D0FEAFD22A049A5A003E6738 /* Debug */,
				D0FEAFD32A049A5A003E6738 /* Release */,
			);
			defaultConfigurationIsVisible = 0;
			defaultConfigurationName = Release;
		};
		D0FEAFD42A049A5A003E6738 /* Build configuration list for PBXNativeTarget "Sidequest" */ = {
			isa = XCConfigurationList;
			buildConfigurations = (
				D0FEAFD52A049A5A003E6738 /* Debug */,
				D0FEAFD62A049A5A003E6738 /* Release */,
			);
			defaultConfigurationIsVisible = 0;
			defaultConfigurationName = Release;
		};
/* End XCConfigurationList section */
	};
	rootObject = D0FEAFB82A049A59003E6738 /* Project object */;
}
